
Microsoft Visual Studio Solution File, Format Version 12.00
# Visual Studio Version 17
VisualStudioVersion = 17.4.33122.133
MinimumVisualStudioVersion = 10.0.40219.1
Project("{FAE04EC0-301F-11D3-BF4B-00C04F79EFBC}") = "KnowledgeCompetition", "KnowledgeCompetition\KnowledgeCompetition.csproj", "{F8D6ABC0-BC0B-4891-8B5A-D215BA5DE89E}"
EndProject
Global
	GlobalSection(SolutionConfigurationPlatforms) = preSolution
		Debug|Any CPU = Debug|Any CPU
		Release|Any CPU = Release|Any CPU
	EndGlobalSection
	GlobalSection(ProjectConfigurationPlatforms) = postSolution
		{F8D6ABC0-BC0B-4891-8B5A-D215BA5DE89E}.Debug|Any CPU.ActiveCfg = Debug|Any CPU
		{F8D6ABC0-BC0B-4891-8B5A-D215BA5DE89E}.Debug|Any CPU.Build.0 = Debug|Any CPU
		{F8D6ABC0-BC0B-4891-8B5A-D215BA5DE89E}.Release|Any CPU.ActiveCfg = Release|Any CPU
		{F8D6ABC0-BC0B-4891-8B5A-D215BA5DE89E}.Release|Any CPU.Build.0 = Release|Any CPU
	EndGlobalSection
	GlobalSection(SolutionProperties) = preSolution
		HideSolutionNode = FALSE
	EndGlobalSection
	GlobalSection(ExtensibilityGlobals) = postSolution
		SolutionGuid = {FCF6FDAC-B759-4DC9-A308-5C0CB2BA9C89}
	EndGlobalSection
EndGlobal
